// !$*UTF8*$!
{
	archiveVersion = 1;
	classes = {
	};
	objectVersion = 77;
	objects = {

/* Begin PBXBuildFile section */
		BE5CE1EF2F4A8E1200013ED0 /* WidgetKit.framework in Frameworks */ = {isa = PBXBuildFile; fileRef = BE5CE1EE2F4A8E1200013ED0 /* WidgetKit.framework */; };
		BE5CE1F12F4A8E1200013ED0 /* SwiftUI.framework in Frameworks */ = {isa = PBXBuildFile; fileRef = BE5CE1F02F4A8E1200013ED0 /* SwiftUI.framework */; };
		BE5CE2022F4A8E1300013ED0 /* widgetmainExtension.appex in Embed Foundation Extensions */ = {isa = PBXBuildFile; fileRef = BE5CE1EC2F4A8E1200013ED0 /* widgetmainExtension.appex */; settings = {ATTRIBUTES = (RemoveHeadersOnCopy, ); }; };
/* End PBXBuildFile section */

/* Begin PBXContainerItemProxy section */
		BE5CE2002F4A8E1300013ED0 /* PBXContainerItemProxy */ = {
			isa = PBXContainerItemProxy;
			containerPortal = BE5CE17F2F4A638A00013ED0 /* Project object */;
			proxyType = 1;
			remoteGlobalIDString = BE5CE1EB2F4A8E1200013ED0;
			remoteInfo = widgetmainExtension;
		};
/* End PBXContainerItemProxy section */

/* Begin PBXCopyFilesBuildPhase section */
		BE5CE2072F4A8E1300013ED0 /* Embed Foundation Extensions */ = {
			isa = PBXCopyFilesBuildPhase;
			buildActionMask = 2147483647;
			dstPath = "";
			dstSubfolderSpec = 13;
			files = (
				BE5CE2022F4A8E1300013ED0 /* widgetmainExtension.appex in Embed Foundation Extensions */,
			);
			name = "Embed Foundation Extensions";
			runOnlyForDeploymentPostprocessing = 0;
		};
/* End PBXCopyFilesBuildPhase section */

/* Begin PBXFileReference section */
		BE5CE1872F4A638A00013ED0 /* Kandi.app */ = {isa = PBXFileReference; explicitFileType = wrapper.application; includeInIndex = 0; path = Kandi.app; sourceTree = BUILT_PRODUCTS_DIR; };
		BE5CE1EC2F4A8E1200013ED0 /* widgetmainExtension.appex */ = {isa = PBXFileReference; explicitFileType = "wrapper.app-extension"; includeInIndex = 0; path = widgetmainExtension.appex; sourceTree = BUILT_PRODUCTS_DIR; };
		BE5CE1EE2F4A8E1200013ED0 /* WidgetKit.framework */ = {isa = PBXFileReference; lastKnownFileType = wrapper.framework; name = WidgetKit.framework; path = System/Library/Frameworks/WidgetKit.framework; sourceTree = SDKROOT; };
		BE5CE1F02F4A8E1200013ED0 /* SwiftUI.framework */ = {isa = PBXFileReference; lastKnownFileType = wrapper.framework; name = SwiftUI.framework; path = System/Library/Frameworks/SwiftUI.framework; sourceTree = SDKROOT; };
		BE5CE2142F4A937700013ED0 /* Kandi-Info.plist */ = {isa = PBXFileReference; lastKnownFileType = text.plist; path = "Kandi-Info.plist"; sourceTree = "<group>"; };
/* End PBXFileReference section */

/* Begin PBXFileSystemSynchronizedBuildFileExceptionSet section */
		BE5CE2032F4A8E1300013ED0 /* Exceptions for "widgetmain" folder in "widgetmainExtension" target */ = {
			isa = PBXFileSystemSynchronizedBuildFileExceptionSet;
			membershipExceptions = (
				Info.plist,
			);
			target = BE5CE1EB2F4A8E1200013ED0 /* widgetmainExtension */;
		};
		BE5CE2092F4A8E9600013ED0 /* Exceptions for "festival" folder in "widgetmainExtension" target */ = {
			isa = PBXFileSystemSynchronizedBuildFileExceptionSet;
			membershipExceptions = (
				AppSettings.swift,
				FestivalStatusWidget.swift,
				WidgetAPIClient.swift,
				WidgetConfig.swift,
				WidgetModels.swift,
			);
			target = BE5CE1EB2F4A8E1200013ED0 /* widgetmainExtension */;
		};
/* End PBXFileSystemSynchronizedBuildFileExceptionSet section */

/* Begin PBXFileSystemSynchronizedRootGroup section */
		BE5CE1892F4A638A00013ED0 /* festival */ = {
			isa = PBXFileSystemSynchronizedRootGroup;
			exceptions = (
				BE5CE2092F4A8E9600013ED0 /* Exceptions for "festival" folder in "widgetmainExtension" target */,
			);
			path = festival;
			sourceTree = "<group>";
		};
		BE5CE1F22F4A8E1200013ED0 /* widgetmain */ = {
			isa = PBXFileSystemSynchronizedRootGroup;
			exceptions = (
				BE5CE2032F4A8E1300013ED0 /* Exceptions for "widgetmain" folder in "widgetmainExtension" target */,
			);
			path = widgetmain;
			sourceTree = "<group>";
		};
/* End PBXFileSystemSynchronizedRootGroup section */

/* Begin PBXFrameworksBuildPhase section */
		BE5CE1842F4A638A00013ED0 /* Frameworks */ = {
			isa = PBXFrameworksBuildPhase;
			buildActionMask = 2147483647;
			files = (
			);
			runOnlyForDeploymentPostprocessing = 0;
		};
		BE5CE1E92F4A8E1200013ED0 /* Frameworks */ = {
			isa = PBXFrameworksBuildPhase;
			buildActionMask = 2147483647;
			files = (
				BE5CE1F12F4A8E1200013ED0 /* SwiftUI.framework in Frameworks */,
				BE5CE1EF2F4A8E1200013ED0 /* WidgetKit.framework in Frameworks */,
			);
			runOnlyForDeploymentPostprocessing = 0;
		};
/* End PBXFrameworksBuildPhase section */

/* Begin PBXGroup section */
		BE5CE17E2F4A638A00013ED0 = {
			isa = PBXGroup;
			children = (
				BE5CE2142F4A937700013ED0 /* Kandi-Info.plist */,
				BE5CE1892F4A638A00013ED0 /* festival */,
				BE5CE1F22F4A8E1200013ED0 /* widgetmain */,
				BE5CE1ED2F4A8E1200013ED0 /* Frameworks */,
				BE5CE1882F4A638A00013ED0 /* Products */,
			);
			sourceTree = "<group>";
		};
		BE5CE1882F4A638A00013ED0 /* Products */ = {
			isa = PBXGroup;
			children = (
				BE5CE1872F4A638A00013ED0 /* Kandi.app */,
				BE5CE1EC2F4A8E1200013ED0 /* widgetmainExtension.appex */,
			);
			name = Products;
			sourceTree = "<group>";
		};
		BE5CE1ED2F4A8E1200013ED0 /* Frameworks */ = {
			isa = PBXGroup;
			children = (
				BE5CE1EE2F4A8E1200013ED0 /* WidgetKit.framework */,
				BE5CE1F02F4A8E1200013ED0 /* SwiftUI.framework */,
			);
			name = Frameworks;
			sourceTree = "<group>";
		};
/* End PBXGroup section */

/* Begin PBXNativeTarget section */
		BE5CE1862F4A638A00013ED0 /* Kandi */ = {
			isa = PBXNativeTarget;
			buildConfigurationList = BE5CE1922F4A638B00013ED0 /* Build configuration list for PBXNativeTarget "Kandi" */;
			buildPhases = (
				BE5CE1832F4A638A00013ED0 /* Sources */,
				BE5CE1842F4A638A00013ED0 /* Frameworks */,
				BE5CE1852F4A638A00013ED0 /* Resources */,
				BE5CE2072F4A8E1300013ED0 /* Embed Foundation Extensions */,
			);
			buildRules = (
			);
			dependencies = (
				BE5CE2012F4A8E1300013ED0 /* PBXTargetDependency */,
			);
			fileSystemSynchronizedGroups = (
				BE5CE1892F4A638A00013ED0 /* festival */,
			);
			name = Kandi;
			packageProductDependencies = (
			);
			productName = festival;
			productReference = BE5CE1872F4A638A00013ED0 /* Kandi.app */;
			productType = "com.apple.product-type.application";
		};
		BE5CE1EB2F4A8E1200013ED0 /* widgetmainExtension */ = {
			isa = PBXNativeTarget;
			buildConfigurationList = BE5CE2042F4A8E1300013ED0 /* Build configuration list for PBXNativeTarget "widgetmainExtension" */;
			buildPhases = (
				BE5CE1E82F4A8E1200013ED0 /* Sources */,
				BE5CE1E92F4A8E1200013ED0 /* Frameworks */,
				BE5CE1EA2F4A8E1200013ED0 /* Resources */,
			);
			buildRules = (
			);
			dependencies = (
			);
			fileSystemSynchronizedGroups = (
				BE5CE1F22F4A8E1200013ED0 /* widgetmain */,
			);
			name = widgetmainExtension;
			packageProductDependencies = (
			);
			productName = widgetmainExtension;
			productReference = BE5CE1EC2F4A8E1200013ED0 /* widgetmainExtension.appex */;
			productType = "com.apple.product-type.app-extension";
		};
/* End PBXNativeTarget section */

/* Begin PBXProject section */
		BE5CE17F2F4A638A00013ED0 /* Project object */ = {
			isa = PBXProject;
			attributes = {
				BuildIndependentTargetsInParallel = 1;
				LastSwiftUpdateCheck = 2620;
				LastUpgradeCheck = 2620;
				TargetAttributes = {
					BE5CE1862F4A638A00013ED0 = {
						CreatedOnToolsVersion = 26.2;
					};
					BE5CE1EB2F4A8E1200013ED0 = {
						CreatedOnToolsVersion = 26.2;
					};
				};
			};
			buildConfigurationList = BE5CE1822F4A638A00013ED0 /* Build configuration list for PBXProject "Kandi" */;
			developmentRegion = en;
			hasScannedForEncodings = 0;
			knownRegions = (
				en,
				Base,
			);
			mainGroup = BE5CE17E2F4A638A00013ED0;
			minimizedProjectReferenceProxies = 1;
			preferredProjectObjectVersion = 77;
			productRefGroup = BE5CE1882F4A638A00013ED0 /* Products */;
			projectDirPath = "";
			projectRoot = "";
			targets = (
				BE5CE1862F4A638A00013ED0 /* Kandi */,
				BE5CE1EB2F4A8E1200013ED0 /* widgetmainExtension */,
			);
		};
/* End PBXProject section */

/* Begin PBXResourcesBuildPhase section */
		BE5CE1852F4A638A00013ED0 /* Resources */ = {
			isa = PBXResourcesBuildPhase;
			buildActionMask = 2147483647;
			files = (
			);
			runOnlyForDeploymentPostprocessing = 0;
		};
		BE5CE1EA2F4A8E1200013ED0 /* Resources */ = {
			isa = PBXResourcesBuildPhase;
			buildActionMask = 2147483647;
			files = (
			);
			runOnlyForDeploymentPostprocessing = 0;
		};
/* End PBXResourcesBuildPhase section */

/* Begin PBXSourcesBuildPhase section */
		BE5CE1832F4A638A00013ED0 /* Sources */ = {
			isa = PBXSourcesBuildPhase;
			buildActionMask = 2147483647;
			files = (
			);
			runOnlyForDeploymentPostprocessing = 0;
		};
		BE5CE1E82F4A8E1200013ED0 /* Sources */ = {
			isa = PBXSourcesBuildPhase;
			buildActionMask = 2147483647;
			files = (
			);
			runOnlyForDeploymentPostprocessing = 0;
		};
/* End PBXSourcesBuildPhase section */

/* Begin PBXTargetDependency section */
		BE5CE2012F4A8E1300013ED0 /* PBXTargetDependency */ = {
			isa = PBXTargetDependency;
			target = BE5CE1EB2F4A8E1200013ED0 /* widgetmainExtension */;
			targetProxy = BE5CE2002F4A8E1300013ED0 /* PBXContainerItemProxy */;
		};
/* End PBXTargetDependency section */

/* Begin XCBuildConfiguration section */
		BE5CE1902F4A638B00013ED0 /* Debug */ = {
			isa = XCBuildConfiguration;
			buildSettings = {
				ALWAYS_SEARCH_USER_PATHS = NO;
				ASSETCATALOG_COMPILER_GENERATE_SWIFT_ASSET_SYMBOL_EXTENSIONS = YES;
				CLANG_ANALYZER_NONNULL = YES;
				CLANG_ANALYZER_NUMBER_OBJECT_CONVERSION = YES_AGGRESSIVE;
				CLANG_CXX_LANGUAGE_STANDARD = "gnu++20";
				CLANG_ENABLE_MODULES = YES;
				CLANG_ENABLE_OBJC_ARC = YES;
				CLANG_ENABLE_OBJC_WEAK = YES;
				CLANG_WARN_BLOCK_CAPTURE_AUTORELEASING = YES;
				CLANG_WARN_BOOL_CONVERSION = YES;
				CLANG_WARN_COMMA = YES;
				CLANG_WARN_CONSTANT_CONVERSION = YES;
				CLANG_WARN_DEPRECATED_OBJC_IMPLEMENTATIONS = YES;
				CLANG_WARN_DIRECT_OBJC_ISA_USAGE = YES_ERROR;
				CLANG_WARN_DOCUMENTATION_COMMENTS = YES;
				CLANG_WARN_EMPTY_BODY = YES;
				CLANG_WARN_ENUM_CONVERSION = YES;
				CLANG_WARN_INFINITE_RECURSION = YES;
				CLANG_WARN_INT_CONVERSION = YES;
				CLANG_WARN_NON_LITERAL_NULL_CONVERSION = YES;
				CLANG_WARN_OBJC_IMPLICIT_RETAIN_SELF = YES;
				CLANG_WARN_OBJC_LITERAL_CONVERSION = YES;
				CLANG_WARN_OBJC_ROOT_CLASS = YES_ERROR;
				CLANG_WARN_QUOTED_INCLUDE_IN_FRAMEWORK_HEADER = YES;
				CLANG_WARN_RANGE_LOOP_ANALYSIS = YES;
				CLANG_WARN_STRICT_PROTOTYPES = YES;
				CLANG_WARN_SUSPICIOUS_MOVE = YES;
				CLANG_WARN_UNGUARDED_AVAILABILITY = YES_AGGRESSIVE;
				CLANG_WARN_UNREACHABLE_CODE = YES;
				CLANG_WARN__DUPLICATE_METHOD_MATCH = YES;
				COPY_PHASE_STRIP = NO;
				DEBUG_INFORMATION_FORMAT = dwarf;
				DEVELOPMENT_TEAM = GK43L829Y4;
				ENABLE_STRICT_OBJC_MSGSEND = YES;
				ENABLE_TESTABILITY = YES;
				ENABLE_USER_SCRIPT_SANDBOXING = YES;
				GCC_C_LANGUAGE_STANDARD = gnu17;
				GCC_DYNAMIC_NO_PIC = NO;
				GCC_NO_COMMON_BLOCKS = YES;
				GCC_OPTIMIZATION_LEVEL = 0;
				GCC_PREPROCESSOR_DEFINITIONS = (
					"DEBUG=1",
					"$(inherited)",
				);
				GCC_WARN_64_TO_32_BIT_CONVERSION = YES;
				GCC_WARN_ABOUT_RETURN_TYPE = YES_ERROR;
				GCC_WARN_UNDECLARED_SELECTOR = YES;
				GCC_WARN_UNINITIALIZED_AUTOS = YES_AGGRESSIVE;
				GCC_WARN_UNUSED_FUNCTION = YES;
				GCC_WARN_UNUSED_VARIABLE = YES;
				IPHONEOS_DEPLOYMENT_TARGET = 26.2;
				LOCALIZATION_PREFERS_STRING_CATALOGS = YES;
				MTL_ENABLE_DEBUG_INFO = INCLUDE_SOURCE;
				MTL_FAST_MATH = YES;
				ONLY_ACTIVE_ARCH = YES;
				PRODUCT_NAME = Kandi;
				SDKROOT = iphoneos;
				SWIFT_ACTIVE_COMPILATION_CONDITIONS = "DEBUG $(inherited)";
				SWIFT_OPTIMIZATION_LEVEL = "-Onone";
			};
			name = Debug;
		};
		BE5CE1912F4A638B00013ED0 /* Release */ = {
			isa = XCBuildConfiguration;
			buildSettings = {
				ALWAYS_SEARCH_USER_PATHS = NO;
				ASSETCATALOG_COMPILER_GENERATE_SWIFT_ASSET_SYMBOL_EXTENSIONS = YES;
				CLANG_ANALYZER_NONNULL = YES;
				CLANG_ANALYZER_NUMBER_OBJECT_CONVERSION = YES_AGGRESSIVE;
				CLANG_CXX_LANGUAGE_STANDARD = "gnu++20";
				CLANG_ENABLE_MODULES = YES;
				CLANG_ENABLE_OBJC_ARC = YES;
				CLANG_ENABLE_OBJC_WEAK = YES;
				CLANG_WARN_BLOCK_CAPTURE_AUTORELEASING = YES;
				CLANG_WARN_BOOL_CONVERSION = YES;
				CLANG_WARN_COMMA = YES;
				CLANG_WARN_CONSTANT_CONVERSION = YES;
				CLANG_WARN_DEPRECATED_OBJC_IMPLEMENTATIONS = YES;
				CLANG_WARN_DIRECT_OBJC_ISA_USAGE = YES_ERROR;
				CLANG_WARN_DOCUMENTATION_COMMENTS = YES;
				CLANG_WARN_EMPTY_BODY = YES;
				CLANG_WARN_ENUM_CONVERSION = YES;
				CLANG_WARN_INFINITE_RECURSION = YES;
				CLANG_WARN_INT_CONVERSION = YES;
				CLANG_WARN_NON_LITERAL_NULL_CONVERSION = YES;
				CLANG_WARN_OBJC_IMPLICIT_RETAIN_SELF = YES;
				CLANG_WARN_OBJC_LITERAL_CONVERSION = YES;
				CLANG_WARN_OBJC_ROOT_CLASS = YES_ERROR;
				CLANG_WARN_QUOTED_INCLUDE_IN_FRAMEWORK_HEADER = YES;
				CLANG_WARN_RANGE_LOOP_ANALYSIS = YES;
				CLANG_WARN_STRICT_PROTOTYPES = YES;
				CLANG_WARN_SUSPICIOUS_MOVE = YES;
				CLANG_WARN_UNGUARDED_AVAILABILITY = YES_AGGRESSIVE;
				CLANG_WARN_UNREACHABLE_CODE = YES;
				CLANG_WARN__DUPLICATE_METHOD_MATCH = YES;
				COPY_PHASE_STRIP = NO;
				DEBUG_INFORMATION_FORMAT = "dwarf-with-dsym";
				DEVELOPMENT_TEAM = GK43L829Y4;
				ENABLE_NS_ASSERTIONS = NO;
				ENABLE_STRICT_OBJC_MSGSEND = YES;
				ENABLE_USER_SCRIPT_SANDBOXING = YES;
				GCC_C_LANGUAGE_STANDARD = gnu17;
				GCC_NO_COMMON_BLOCKS = YES;
				GCC_WARN_64_TO_32_BIT_CONVERSION = YES;
				GCC_WARN_ABOUT_RETURN_TYPE = YES_ERROR;
				GCC_WARN_UNDECLARED_SELECTOR = YES;
				GCC_WARN_UNINITIALIZED_AUTOS = YES_AGGRESSIVE;
				GCC_WARN_UNUSED_FUNCTION = YES;
				GCC_WARN_UNUSED_VARIABLE = YES;
				IPHONEOS_DEPLOYMENT_TARGET = 26.2;
				LOCALIZATION_PREFERS_STRING_CATALOGS = YES;
				MTL_ENABLE_DEBUG_INFO = NO;
				MTL_FAST_MATH = YES;
				PRODUCT_NAME = Kandi;
				SDKROOT = iphoneos;
				SWIFT_COMPILATION_MODE = wholemodule;
				VALIDATE_PRODUCT = YES;
			};
			name = Release;
		};
		BE5CE1932F4A638B00013ED0 /* Debug */ = {
			isa = XCBuildConfiguration;
			buildSettings = {
				ASSETCATALOG_COMPILER_APPICON_NAME = AppIcon;
				ASSETCATALOG_COMPILER_GLOBAL_ACCENT_COLOR_NAME = AccentColor;
				CODE_SIGN_ENTITLEMENTS = festival/festival.entitlements;
				CODE_SIGN_STYLE = Automatic;
				CURRENT_PROJECT_VERSION = 1;
				DEVELOPMENT_TEAM = GK43L829Y4;
				ENABLE_PREVIEWS = YES;
				GENERATE_INFOPLIST_FILE = YES;
				INFOPLIST_FILE = "Kandi-Info.plist";
				INFOPLIST_KEY_NSBluetoothAlwaysUsageDescription = "Festival uses Bluetooth to detect nearby friends and share proximity signals.";
				INFOPLIST_KEY_NSBluetoothPeripheralUsageDescription = "Festival uses Bluetooth to detect nearby friends and share proximity signals.";
				INFOPLIST_KEY_NSMicrophoneUsageDescription = "Festival uses your microphone to measure ambient sound levels and estimate hearing risk.";
				INFOPLIST_KEY_UIApplicationSceneManifest_Generation = YES;
				INFOPLIST_KEY_UIApplicationSupportsIndirectInputEvents = YES;
				INFOPLIST_KEY_UILaunchScreen_Generation = YES;
				INFOPLIST_KEY_UISupportedInterfaceOrientations_iPad = "UIInterfaceOrientationPortrait UIInterfaceOrientationPortraitUpsideDown UIInterfaceOrientationLandscapeLeft UIInterfaceOrientationLandscapeRight";
				INFOPLIST_KEY_UISupportedInterfaceOrientations_iPhone = "UIInterfaceOrientationPortrait UIInterfaceOrientationLandscapeLeft UIInterfaceOrientationLandscapeRight";
				IPHONEOS_DEPLOYMENT_TARGET = 18.6;
				LD_RUNPATH_SEARCH_PATHS = (
					"$(inherited)",
					"@executable_path/Frameworks",
				);
				MARKETING_VERSION = 1.0;
				PRODUCT_BUNDLE_IDENTIFIER = wics26.festival;
				PRODUCT_NAME = "$(TARGET_NAME)";
				STRING_CATALOG_GENERATE_SYMBOLS = YES;
				SWIFT_APPROACHABLE_CONCURRENCY = YES;
				SWIFT_DEFAULT_ACTOR_ISOLATION = MainActor;
				SWIFT_EMIT_LOC_STRINGS = YES;
				SWIFT_UPCOMING_FEATURE_MEMBER_IMPORT_VISIBILITY = YES;
				SWIFT_VERSION = 5.0;
				TARGETED_DEVICE_FAMILY = "1,2";
			};
			name = Debug;
		};
		BE5CE1942F4A638B00013ED0 /* Release */ = {
			isa = XCBuildConfiguration;
			buildSettings = {
				ASSETCATALOG_COMPILER_APPICON_NAME = AppIcon;
				ASSETCATALOG_COMPILER_GLOBAL_ACCENT_COLOR_NAME = AccentColor;
				CODE_SIGN_ENTITLEMENTS = festival/festival.entitlements;
				CODE_SIGN_STYLE = Automatic;
				CURRENT_PROJECT_VERSION = 1;
				DEVELOPMENT_TEAM = GK43L829Y4;
				ENABLE_PREVIEWS = YES;
				GENERATE_INFOPLIST_FILE = YES;
				INFOPLIST_FILE = "Kandi-Info.plist";
				INFOPLIST_KEY_NSBluetoothAlwaysUsageDescription = "Festival uses Bluetooth to detect nearby friends and share proximity signals.";
				INFOPLIST_KEY_NSBluetoothPeripheralUsageDescription = "Festival uses Bluetooth to detect nearby friends and share proximity signals.";
				INFOPLIST_KEY_NSMicrophoneUsageDescription = "Festival uses your microphone to measure ambient sound levels and estimate hearing risk.";
				INFOPLIST_KEY_UIApplicationSceneManifest_Generation = YES;
				INFOPLIST_KEY_UIApplicationSupportsIndirectInputEvents = YES;
				INFOPLIST_KEY_UILaunchScreen_Generation = YES;
				INFOPLIST_KEY_UISupportedInterfaceOrientations_iPad = "UIInterfaceOrientationPortrait UIInterfaceOrientationPortraitUpsideDown UIInterfaceOrientationLandscapeLeft UIInterfaceOrientationLandscapeRight";
				INFOPLIST_KEY_UISupportedInterfaceOrientations_iPhone = "UIInterfaceOrientationPortrait UIInterfaceOrientationLandscapeLeft UIInterfaceOrientationLandscapeRight";
				IPHONEOS_DEPLOYMENT_TARGET = 18.6;
				LD_RUNPATH_SEARCH_PATHS = (
					"$(inherited)",
					"@executable_path/Frameworks",
				);
				MARKETING_VERSION = 1.0;
				PRODUCT_BUNDLE_IDENTIFIER = wics26.festival;
				PRODUCT_NAME = "$(TARGET_NAME)";
				STRING_CATALOG_GENERATE_SYMBOLS = YES;
				SWIFT_APPROACHABLE_CONCURRENCY = YES;
				SWIFT_DEFAULT_ACTOR_ISOLATION = MainActor;
				SWIFT_EMIT_LOC_STRINGS = YES;
				SWIFT_UPCOMING_FEATURE_MEMBER_IMPORT_VISIBILITY = YES;
				SWIFT_VERSION = 5.0;
				TARGETED_DEVICE_FAMILY = "1,2";
			};
			name = Release;
		};
		BE5CE2052F4A8E1300013ED0 /* Debug */ = {
			isa = XCBuildConfiguration;
			buildSettings = {
				ASSETCATALOG_COMPILER_GLOBAL_ACCENT_COLOR_NAME = AccentColor;
				ASSETCATALOG_COMPILER_WIDGET_BACKGROUND_COLOR_NAME = WidgetBackground;
				CODE_SIGN_STYLE = Automatic;
				CURRENT_PROJECT_VERSION = 1;
				DEVELOPMENT_TEAM = GK43L829Y4;
				GENERATE_INFOPLIST_FILE = YES;
				INFOPLIST_FILE = widgetmain/Info.plist;
				INFOPLIST_KEY_CFBundleDisplayName = widgetmain;
				INFOPLIST_KEY_NSHumanReadableCopyright = "";
				LD_RUNPATH_SEARCH_PATHS = (
					"$(inherited)",
					"@executable_path/Frameworks",
					"@executable_path/../../Frameworks",
				);
				MARKETING_VERSION = 1.0;
				PRODUCT_BUNDLE_IDENTIFIER = wics26.festival.widgetmain;
				PRODUCT_NAME = "$(TARGET_NAME)";
				SKIP_INSTALL = YES;
				STRING_CATALOG_GENERATE_SYMBOLS = YES;
				SWIFT_APPROACHABLE_CONCURRENCY = YES;
				SWIFT_EMIT_LOC_STRINGS = YES;
				SWIFT_UPCOMING_FEATURE_MEMBER_IMPORT_VISIBILITY = YES;
				SWIFT_VERSION = 5.0;
				TARGETED_DEVICE_FAMILY = "1,2";
			};
			name = Debug;
		};
		BE5CE2062F4A8E1300013ED0 /* Release */ = {
			isa = XCBuildConfiguration;
			buildSettings = {
				ASSETCATALOG_COMPILER_GLOBAL_ACCENT_COLOR_NAME = AccentColor;
				ASSETCATALOG_COMPILER_WIDGET_BACKGROUND_COLOR_NAME = WidgetBackground;
				CODE_SIGN_STYLE = Automatic;
				CURRENT_PROJECT_VERSION = 1;
				DEVELOPMENT_TEAM = GK43L829Y4;
				GENERATE_INFOPLIST_FILE = YES;
				INFOPLIST_FILE = widgetmain/Info.plist;
				INFOPLIST_KEY_CFBundleDisplayName = widgetmain;
				INFOPLIST_KEY_NSHumanReadableCopyright = "";
				LD_RUNPATH_SEARCH_PATHS = (
					"$(inherited)",
					"@executable_path/Frameworks",
					"@executable_path/../../Frameworks",
				);
				MARKETING_VERSION = 1.0;
				PRODUCT_BUNDLE_IDENTIFIER = wics26.festival.widgetmain;
				PRODUCT_NAME = "$(TARGET_NAME)";
				SKIP_INSTALL = YES;
				STRING_CATALOG_GENERATE_SYMBOLS = YES;
				SWIFT_APPROACHABLE_CONCURRENCY = YES;
				SWIFT_EMIT_LOC_STRINGS = YES;
				SWIFT_UPCOMING_FEATURE_MEMBER_IMPORT_VISIBILITY = YES;
				SWIFT_VERSION = 5.0;
				TARGETED_DEVICE_FAMILY = "1,2";
			};
			name = Release;
		};
/* End XCBuildConfiguration section */

/* Begin XCConfigurationList section */
		BE5CE1822F4A638A00013ED0 /* Build configuration list for PBXProject "Kandi" */ = {
			isa = XCConfigurationList;
			buildConfigurations = (
				BE5CE1902F4A638B00013ED0 /* Debug */,
				BE5CE1912F4A638B00013ED0 /* Release */,
			);
			defaultConfigurationIsVisible = 0;
			defaultConfigurationName = Release;
		};
		BE5CE1922F4A638B00013ED0 /* Build configuration list for PBXNativeTarget "Kandi" */ = {
			isa = XCConfigurationList;
			buildConfigurations = (
				BE5CE1932F4A638B00013ED0 /* Debug */,
				BE5CE1942F4A638B00013ED0 /* Release */,
			);
			defaultConfigurationIsVisible = 0;
			defaultConfigurationName = Release;
		};
		BE5CE2042F4A8E1300013ED0 /* Build configuration list for PBXNativeTarget "widgetmainExtension" */ = {
			isa = XCConfigurationList;
			buildConfigurations = (
				BE5CE2052F4A8E1300013ED0 /* Debug */,
				BE5CE2062F4A8E1300013ED0 /* Release */,
			);
			defaultConfigurationIsVisible = 0;
			defaultConfigurationName = Release;
		};
/* End XCConfigurationList section */
	};
	rootObject = BE5CE17F2F4A638A00013ED0 /* Project object */;
}
